
Microsoft Visual Studio Solution File, Format Version 12.00
# Visual Studio Version 16
VisualStudioVersion = 16.0.29926.136
MinimumVisualStudioVersion = 10.0.40219.1
Project("{9A19103F-16F7-4668-BE54-9A1E7A4F7556}") = "Web", "Fanime.Web\Web.csproj", "{88D02D2E-F006-4403-864C-AFED327D142E}"
EndProject
Project("{9A19103F-16F7-4668-BE54-9A1E7A4F7556}") = "Domain", "Fanime.Domain\Domain.csproj", "{B67DCD86-0885-4401-B222-AEACCFA041D9}"
EndProject
Project("{9A19103F-16F7-4668-BE54-9A1E7A4F7556}") = "Persistence", "Fanime.Persistence\Persistence.csproj", "{011E7C6D-D8D7-4769-9669-176568803F85}"
EndProject
Project("{9A19103F-16F7-4668-BE54-9A1E7A4F7556}") = "Infrastructure", "Fanime.Infrastructure\Infrastructure.csproj", "{6C4B3770-9237-4DEB-927A-A5D4FA594FF9}"
EndProject
Project("{9A19103F-16F7-4668-BE54-9A1E7A4F7556}") = "Application", "Fanime.Application\Application.csproj", "{579C8D22-B6B7-433F-A535-0D88ED8560B0}"
EndProject
Project("{2150E333-8FDC-42A3-9474-1A3956D46DE8}") = "Core", "Core", "{A135DD37-8F06-4246-8CC2-91BF21C62E8A}"
EndProject
Project("{2150E333-8FDC-42A3-9474-1A3956D46DE8}") = "Infrastructure", "Infrastructure", "{D71437A1-CC21-49A2-AC2C-093ED6F1EB00}"
EndProject
Project("{2150E333-8FDC-42A3-9474-1A3956D46DE8}") = "Presentation", "Presentation", "{8395ACC2-DE5E-430C-A188-E8E607991F22}"
EndProject
Global
	GlobalSection(SolutionConfigurationPlatforms) = preSolution
		Debug|Any CPU = Debug|Any CPU
		Release|Any CPU = Release|Any CPU
	EndGlobalSection
	GlobalSection(ProjectConfigurationPlatforms) = postSolution
		{88D02D2E-F006-4403-864C-AFED327D142E}.Debug|Any CPU.ActiveCfg = Debug|Any CPU
		{88D02D2E-F006-4403-864C-AFED327D142E}.Debug|Any CPU.Build.0 = Debug|Any CPU
		{88D02D2E-F006-4403-864C-AFED327D142E}.Release|Any CPU.ActiveCfg = Release|Any CPU
		{88D02D2E-F006-4403-864C-AFED327D142E}.Release|Any CPU.Build.0 = Release|Any CPU
		{B67DCD86-0885-4401-B222-AEACCFA041D9}.Debug|Any CPU.ActiveCfg = Debug|Any CPU
		{B67DCD86-0885-4401-B222-AEACCFA041D9}.Debug|Any CPU.Build.0 = Debug|Any CPU
		{B67DCD86-0885-4401-B222-AEACCFA041D9}.Release|Any CPU.ActiveCfg = Release|Any CPU
		{B67DCD86-0885-4401-B222-AEACCFA041D9}.Release|Any CPU.Build.0 = Release|Any CPU
		{011E7C6D-D8D7-4769-9669-176568803F85}.Debug|Any CPU.ActiveCfg = Debug|Any CPU
		{011E7C6D-D8D7-4769-9669-176568803F85}.Debug|Any CPU.Build.0 = Debug|Any CPU
		{011E7C6D-D8D7-4769-9669-176568803F85}.Release|Any CPU.ActiveCfg = Release|Any CPU
		{011E7C6D-D8D7-4769-9669-176568803F85}.Release|Any CPU.Build.0 = Release|Any CPU
		{6C4B3770-9237-4DEB-927A-A5D4FA594FF9}.Debug|Any CPU.ActiveCfg = Debug|Any CPU
		{6C4B3770-9237-4DEB-927A-A5D4FA594FF9}.Debug|Any CPU.Build.0 = Debug|Any CPU
		{6C4B3770-9237-4DEB-927A-A5D4FA594FF9}.Release|Any CPU.ActiveCfg = Release|Any CPU
		{6C4B3770-9237-4DEB-927A-A5D4FA594FF9}.Release|Any CPU.Build.0 = Release|Any CPU
		{579C8D22-B6B7-433F-A535-0D88ED8560B0}.Debug|Any CPU.ActiveCfg = Debug|Any CPU
		{579C8D22-B6B7-433F-A535-0D88ED8560B0}.Debug|Any CPU.Build.0 = Debug|Any CPU
		{579C8D22-B6B7-433F-A535-0D88ED8560B0}.Release|Any CPU.ActiveCfg = Release|Any CPU
		{579C8D22-B6B7-433F-A535-0D88ED8560B0}.Release|Any CPU.Build.0 = Release|Any CPU
	EndGlobalSection
	GlobalSection(SolutionProperties) = preSolution
		HideSolutionNode = FALSE
	EndGlobalSection
	GlobalSection(NestedProjects) = preSolution
		{88D02D2E-F006-4403-864C-AFED327D142E} = {8395ACC2-DE5E-430C-A188-E8E607991F22}
		{B67DCD86-0885-4401-B222-AEACCFA041D9} = {A135DD37-8F06-4246-8CC2-91BF21C62E8A}
		{011E7C6D-D8D7-4769-9669-176568803F85} = {D71437A1-CC21-49A2-AC2C-093ED6F1EB00}
		{6C4B3770-9237-4DEB-927A-A5D4FA594FF9} = {D71437A1-CC21-49A2-AC2C-093ED6F1EB00}
		{579C8D22-B6B7-433F-A535-0D88ED8560B0} = {A135DD37-8F06-4246-8CC2-91BF21C62E8A}
	EndGlobalSection
	GlobalSection(ExtensibilityGlobals) = postSolution
		SolutionGuid = {303A68C2-9018-4C3F-81D7-532F987F19A0}
	EndGlobalSection
EndGlobal
